
Microsoft Visual Studio Solution File, Format Version 12.00
# Visual Studio Version 17
VisualStudioVersion = 17.12.35417.141
MinimumVisualStudioVersion = 10.0.40219.1
Project("{FAE04EC0-301F-11D3-BF4B-00C04F79EFBC}") = "DotNetHelpers", "DotNetHelpers\DotNetHelpers.csproj", "{22EBFD9D-BD78-4525-A794-3980AFAE3DCD}"
EndProject
Project("{FAE04EC0-301F-11D3-BF4B-00C04F79EFBC}") = "DotNetHelpers.Tests", "DotNetHelpers.Tests\DotNetHelpers.Tests.csproj", "{E44AD810-3514-47AD-84A3-586AB49EFC94}"
EndProject
Global
	GlobalSection(SolutionConfigurationPlatforms) = preSolution
		Debug|Any CPU = Debug|Any CPU
		Release|Any CPU = Release|Any CPU
	EndGlobalSection
	GlobalSection(ProjectConfigurationPlatforms) = postSolution
		{22EBFD9D-BD78-4525-A794-3980AFAE3DCD}.Debug|Any CPU.ActiveCfg = Debug|Any CPU
		{22EBFD9D-BD78-4525-A794-3980AFAE3DCD}.Debug|Any CPU.Build.0 = Debug|Any CPU
		{22EBFD9D-BD78-4525-A794-3980AFAE3DCD}.Release|Any CPU.ActiveCfg = Release|Any CPU
		{22EBFD9D-BD78-4525-A794-3980AFAE3DCD}.Release|Any CPU.Build.0 = Release|Any CPU
		{E44AD810-3514-47AD-84A3-586AB49EFC94}.Debug|Any CPU.ActiveCfg = Debug|Any CPU
		{E44AD810-3514-47AD-84A3-586AB49EFC94}.Debug|Any CPU.Build.0 = Debug|Any CPU
		{E44AD810-3514-47AD-84A3-586AB49EFC94}.Release|Any CPU.ActiveCfg = Release|Any CPU
		{E44AD810-3514-47AD-84A3-586AB49EFC94}.Release|Any CPU.Build.0 = Release|Any CPU
	EndGlobalSection
	GlobalSection(SolutionProperties) = preSolution
		HideSolutionNode = FALSE
	EndGlobalSection
EndGlobal
